{
  "name": "dhis-web-apps",
  "version": "1.0.0",
  "lockfileVersion": 1,
  "requires": true,
  "dependencies": {
    "@vardevs/log": {
      "version": "1.0.0",
      "resolved": "https://registry.npmjs.org/@vardevs/log/-/log-1.0.0.tgz",
      "integrity": "sha512-fyAj6N4pGfwIcrJYDEBXJ7qxHGVY8Ijsd97tzoYst9QJRG17/U6OKIuHWg6L9nOfB03zweJ4qICBTihOSh2FrA==",
      "dev": true
    },
    "app-management-app": {
      "version": "github:dhis2/app-management-app-builds#4e1a0c0b149a2d281199cf7378a0c666f61d5d92"
    },
    "cache-cleaner-app": {
      "version": "github:dhis2/cache-cleaner-app-builds#e61448cc6ba7b08e0f7ca410faa1b8e3c47dad16"
    },
    "capture-app": {
      "version": "github:dhis2/capture-app-builds#f740ba76d80891447e6120814b9f9104c9163523"
    },
    "core-resource-app": {
      "version": "github:dhis2/core-resource-app-builds#de132a22e9b124290b00e4e90eba2c8cac562fdf"
    },
    "dashboard-app": {
      "version": "github:dhis2/dashboards-app-builds#29f67d0b2e2d699199449edd840558a4b21ce9c9"
    },
    "data-administration-app": {
      "version": "github:dhis2/data-administration-app-builds#3ca1c4d73b80181a6a4fd58f858f4fafedac4fb9"
    },
    "data-quality-app": {
      "version": "github:dhis2/data-quality-app-builds#a6782630d82b944e621cd55b35e5cee1c310a8df"
    },
    "event-capture-app": {
      "version": "github:dhis2/event-capture-app-builds#ee2d58b54416e537276557756036ed526a3995dd"
    },
    "event-reports-app": {
      "version": "github:dhis2/event-reports-app-builds#07b9e5ecd1978c9ca314d5a28a9d93d0bbc5febf"
    },
    "event-visualizer-app": {
      "version": "github:dhis2/event-charts-app-builds#467331b443727eb39c0432de292952985018b189"
    },
    "fs-extra": {
      "version": "7.0.0",
      "resolved": "https://registry.npmjs.org/fs-extra/-/fs-extra-7.0.0.tgz",
      "integrity": "sha512-EglNDLRpmaTWiD/qraZn6HREAEAHJcJOmxNEYwq6xeMKnVMAy3GUcFB+wXt2C6k4CNvB/mP1y/U3dzvKKj5OtQ==",
      "dev": true,
      "requires": {
        "graceful-fs": "4.1.11",
        "jsonfile": "4.0.0",
        "universalify": "0.1.2"
      },
      "dependencies": {
        "jsonfile": {
          "version": "4.0.0",
          "resolved": "https://registry.npmjs.org/jsonfile/-/jsonfile-4.0.0.tgz",
          "integrity": "sha1-h3Gq4HmbZAdrdmQPygWPnBDjPss=",
          "dev": true,
          "requires": {
            "graceful-fs": "4.1.11"
          }
        }
      }
    },
    "graceful-fs": {
      "version": "4.1.11",
      "resolved": "https://registry.npmjs.org/graceful-fs/-/graceful-fs-4.1.11.tgz",
      "integrity": "sha1-Dovf5NHduIVNZOBOp8AOKgJuVlg=",
      "dev": true
    },
    "importexport-app": {
      "version": "github:dhis2/import-export-app-builds#8ac1993689b63a52cd126c28a8a7204b87d33040"
    },
    "interpretation-app": {
      "version": "github:dhis2/interpretation-app-builds#43897aeea9752fa0299a40d7f40a594ef75535af"
    },
    "maintenance-app": {
      "version": "github:dhis2/maintenance-app-builds#9f87c06fedd9aa8a11f022765f74f95d21cceb30"
    },
    "mapping-app": {
      "version": "github:dhis2/gis-app-builds#7b6f897ef38ddafc2c3703babd856c4b8df9bb0c"
    },
    "maps-app": {
      "version": "github:dhis2/maps-app-builds#fa707138a642ffdda3239b7b83d61e0973b1dff2"
    },
    "menu-management-app": {
      "version": "github:dhis2/menu-management-app-builds#e50b1d1becc5911e304cbd5ba742ed909aba5d32"
    },
    "messaging-app": {
      "version": "github:dhis2/messaging-app-builds#66e93b28e4d3d2ae27d9f27b50917b5b551c2017"
    },
    "pivot-app": {
      "version": "github:dhis2/pivot-tables-app-builds#de09f507b3cb3d102c7989b221114023e472c3b4"
    },
    "sax": {
      "version": "1.2.4",
      "resolved": "https://registry.npmjs.org/sax/-/sax-1.2.4.tgz",
      "integrity": "sha512-NqVDv9TpANUjFm0N8uM5GxL36UgKi9/atZw+x7YFnQ8ckwFGKrl4xX4yWtrey3UJm5nP1kUbnYgLopqWNSRhWw==",
      "dev": true
    },
    "scheduler-app": {
      "version": "github:dhis2/scheduler-app-builds#e940be0f75aa5972506985e1c18446eb6466fabe"
    },
    "settings-app": {
      "version": "github:dhis2/settings-app-builds#f80710038106dc626070f5cc57d0d2f8b4940aa8"
    },
    "tracker-capture-app": {
      "version": "github:dhis2/tracker-capture-app-builds#e22509a5e554770abc7016d5630a00350dbdba7d"
    },
    "translations-app": {
      "version": "github:dhis2/translations-app-builds#960efb881439b3acd8af51d8574d518f23c8e76d"
    },
    "universalify": {
      "version": "0.1.2",
      "resolved": "https://registry.npmjs.org/universalify/-/universalify-0.1.2.tgz",
      "integrity": "sha512-rBJeI5CXAlmy1pV+617WB9J63U6XcazHHF2f2dbJix4XzpUF0RS3Zbj0FGIOCAva5P/d/GBOYaACQ1w+0azUkg==",
      "dev": true
    },
    "usage-analytics-app": {
      "version": "github:dhis2/usage-analytics-app-builds#584070835cdf46598dccaa2024a4298ee0ef3993"
    },
    "user-app": {
      "version": "github:dhis2/user-app-builds#35d3266316716dd693acff696d6675744199045c"
    },
    "user-profile-app": {
      "version": "github:dhis2/user-profile-app-builds#003ae38f11dac70d5c95d2d30bc47d59d9493cd1"
    },
    "visualizer-app": {
      "version": "github:dhis2/charts-app-builds#c045da219b84cae6f3cb7d35e4d59094050e9f48"
    },
    "xml2js": {
      "version": "0.4.19",
      "resolved": "https://registry.npmjs.org/xml2js/-/xml2js-0.4.19.tgz",
      "integrity": "sha512-esZnJZJOiJR9wWKMyuvSE1y6Dq5LCuJanqhxslH2bxM6duahNZ+HMpCLhBQGZkbX6xRf8x1Y2eJlgt2q3qo49Q==",
      "dev": true,
      "requires": {
        "sax": "1.2.4",
        "xmlbuilder": "9.0.7"
      }
    },
    "xmlbuilder": {
      "version": "9.0.7",
      "resolved": "https://registry.npmjs.org/xmlbuilder/-/xmlbuilder-9.0.7.tgz",
      "integrity": "sha1-Ey7mPS7FVlxVfiD0wi35rKaGsQ0=",
      "dev": true
    }
  }
}
