{
  "name": "dhis-web-apps",
  "version": "1.0.0",
  "lockfileVersion": 1,
  "requires": true,
  "dependencies": {
    "node": {
      "version": "22.13.1",
      "resolved": "https://registry.npmjs.org/node/-/node-22.13.1.tgz",
      "integrity": "sha512-hwHS6l0BK0P37GTVavXkwohGUJBDQRBHeaKXq96X/EFiTkYP2ZjxO4huw0eoNdZhvLBSzwRXkLN1VpBaS351dw==",
      "requires": {
        "node-bin-setup": "^1.0.0"
      }
    },
    "node-bin-setup": {
      "version": "1.1.3",
      "resolved": "https://registry.npmjs.org/node-bin-setup/-/node-bin-setup-1.1.3.tgz",
      "integrity": "sha512-opgw9iSCAzT2+6wJOETCpeRYAQxSopqQ2z+N6BXwIMsQQ7Zj5M8MaafQY8JMlolRR6R1UXg2WmhKp0p9lSOivg=="
    }
  }
}
