{
  "name": "dhis-web-apps",
  "version": "1.0.0",
  "lockfileVersion": 1,
  "requires": true,
  "dependencies": {
    "node": {
      "version": "22.14.0",
      "resolved": "https://registry.npmjs.org/node/-/node-22.14.0.tgz",
      "integrity": "sha512-7RySsZymL7RSt3EKuKK29JhHh9BQV2xajqTP760PNTdZRtmRHZq1Jogw65qKkjEQKVsns5b5jJpucQyKLk+U8w==",
      "requires": {
        "node-bin-setup": "^1.0.0"
      }
    },
    "node-bin-setup": {
      "version": "1.1.3",
      "resolved": "https://registry.npmjs.org/node-bin-setup/-/node-bin-setup-1.1.3.tgz",
      "integrity": "sha512-opgw9iSCAzT2+6wJOETCpeRYAQxSopqQ2z+N6BXwIMsQQ7Zj5M8MaafQY8JMlolRR6R1UXg2WmhKp0p9lSOivg=="
    }
  }
}
